{
    "_readme": [
        "This file locks the dependencies of your project to a known state",
        "Read more about it at https://getcomposer.org/doc/01-basic-usage.md#composer-lock-the-lock-file",
        "This file is @generated automatically"
    ],
    "content-hash": "77f2db752b08641a7196abfe81cd0f5d",
    "packages": [
        {
            "name": "bcosca/fatfree-core",
            "version": "3.6.1",
            "source": {
                "type": "git",
                "url": "https://github.com/bcosca/fatfree-core.git",
                "reference": "59f337842a502b69fd5e2de28dce9460d6138fed"
            },
            "dist": {
                "type": "zip",
                "url": "https://api.github.com/repos/bcosca/fatfree-core/zipball/59f337842a502b69fd5e2de28dce9460d6138fed",
                "reference": "59f337842a502b69fd5e2de28dce9460d6138fed",
                "shasum": ""
            },
            "require": {
                "php": ">=5.4"
            },
            "type": "library",
            "autoload": {
                "classmap": [
                    "."
                ]
            },
            "notification-url": "https://packagist.org/downloads/",
            "license": [
                "GPL-3.0"
            ],
            "description": "A powerful yet easy-to-use PHP micro-framework designed to help you build dynamic and robust Web applications - fast!",
            "homepage": "http://fatfreeframework.com/",
            "time": "2017-04-02T09:44:00+00:00"
        },
        {
            "name": "openpsa/quickform",
            "version": "v3.3.0",
            "source": {
                "type": "git",
                "url": "https://github.com/flack/quickform.git",
                "reference": "02c6ffda1a853466a2047a2f57022d455bd25432"
            },
            "dist": {
                "type": "zip",
                "url": "https://api.github.com/repos/flack/quickform/zipball/02c6ffda1a853466a2047a2f57022d455bd25432",
                "reference": "02c6ffda1a853466a2047a2f57022d455bd25432",
                "shasum": ""
            },
            "require": {
                "php": ">=5.1.3"
            },
            "type": "library",
            "autoload": {
                "classmap": [
                    "lib"
                ]
            },
            "notification-url": "https://packagist.org/downloads/",
            "license": [
                "PHP License 3.01"
            ],
            "authors": [
                {
                    "name": "Andreas Flack",
                    "email": "flack@contentcontrol-berlin.de",
                    "homepage": "http://www.contentcontrol-berlin.de/"
                }
            ],
            "description": "PHP 5.4 compatible fork of HTML_QuickForm",
            "keywords": [
                "form",
                "quickform"
            ],
            "time": "2014-09-06T11:08:13+00:00"
        }
    ],
    "packages-dev": [],
    "aliases": [],
    "minimum-stability": "stable",
    "stability-flags": [],
    "prefer-stable": false,
    "prefer-lowest": false,
    "platform": [],
    "platform-dev": []
}
